{
  "version": 4,
  "terraform_version": "1.9.8",
  "serial": 11,
  "lineage": "1ef0d2bd-c66e-0358-d773-0de668ae44f4",
  "outputs": {
    "tenant_id": {
      "value": "c71e9058-c700-4025-92c3-5ba31b1eecd5",
      "type": "string"
    }
  },
  "resources": [
    {
      "mode": "data",
      "type": "azurerm_client_config",
      "name": "current",
      "provider": "provider[\"registry.terraform.io/hashicorp/azurerm\"]",
      "instances": [
        {
          "schema_version": 0,
          "attributes": {
            "client_id": "04b07795-8ddb-461a-bbee-02f9e1bf7b46",
            "id": "Y2xpZW50Q29uZmlncy9jbGllbnRJZD0wNGIwNzc5NS04ZGRiLTQ2MWEtYmJlZS0wMmY5ZTFiZjdiNDY7b2JqZWN0SWQ9YWI1OGQ3OWYtNDE5NS00NGE4LTk2Y2QtMWNkMGRjY2M0ZDU4O3N1YnNjcmlwdGlvbklkPTA2NDU1ZGVmLWEwMzktNDYwZC1iMzU4LWU3YmZiNWRmMTVmYzt0ZW5hbnRJZD1jNzFlOTA1OC1jNzAwLTQwMjUtOTJjMy01YmEzMWIxZWVjZDU=",
            "object_id": "ab58d79f-4195-44a8-96cd-1cd0dccc4d58",
            "subscription_id": "06455def-a039-460d-b358-e7bfb5df15fc",
            "tenant_id": "c71e9058-c700-4025-92c3-5ba31b1eecd5",
            "timeouts": null
          },
          "sensitive_attributes": []
        }
      ]
    },
    {
      "mode": "data",
      "type": "azurerm_subscriptions",
      "name": "available",
      "provider": "provider[\"registry.terraform.io/hashicorp/azurerm\"]",
      "instances": [
        {
          "schema_version": 0,
          "attributes": {
            "display_name_contains": null,
            "display_name_prefix": null,
            "id": "subscriptions-c71e9058-c700-4025-92c3-5ba31b1eecd5",
            "subscriptions": [
              {
                "display_name": "Azure subscription 1",
                "id": "/subscriptions/06455def-a039-460d-b358-e7bfb5df15fc",
                "location_placement_id": "Public_2014-09-01",
                "quota_id": "PayAsYouGo_2014-09-01",
                "spending_limit": "Off",
                "state": "Enabled",
                "subscription_id": "06455def-a039-460d-b358-e7bfb5df15fc",
                "tags": {},
                "tenant_id": "c71e9058-c700-4025-92c3-5ba31b1eecd5"
              }
            ],
            "timeouts": null
          },
          "sensitive_attributes": []
        }
      ]
    },
    {
      "mode": "managed",
      "type": "azuread_service_principal",
      "name": "reader",
      "provider": "provider[\"registry.terraform.io/hashicorp/azuread\"]",
      "instances": [
        {
          "schema_version": 0,
          "attributes": {
            "account_enabled": true,
            "alternative_names": null,
            "app_role_assignment_required": false,
            "app_role_ids": {},
            "app_roles": [],
            "application_id": "4bebbde1-b749-4ffe-91ad-cd5ffd4b9fbd",
            "application_tenant_id": "9d15879c-5fb0-42f6-9b7b-a75b78203677",
            "client_id": "4bebbde1-b749-4ffe-91ad-cd5ffd4b9fbd",
            "description": "",
            "display_name": "Miggo-Azure",
            "feature_tags": [
              {
                "custom_single_sign_on": false,
                "enterprise": false,
                "gallery": false,
                "hide": false
              }
            ],
            "features": [
              {
                "custom_single_sign_on_app": false,
                "enterprise_application": false,
                "gallery_application": false,
                "visible_to_users": true
              }
            ],
            "homepage_url": "",
            "id": "14172963-4a0c-4c4f-a327-a36c2bbf281f",
            "login_url": "",
            "logout_url": "",
            "notes": "",
            "notification_email_addresses": null,
            "oauth2_permission_scope_ids": {},
            "oauth2_permission_scopes": [],
            "object_id": "14172963-4a0c-4c4f-a327-a36c2bbf281f",
            "owners": null,
            "preferred_single_sign_on_mode": "",
            "redirect_uris": [],
            "saml_metadata_url": "",
            "saml_single_sign_on": [
              {
                "relay_state": ""
              }
            ],
            "service_principal_names": [],
            "sign_in_audience": "AzureADMultipleOrgs",
            "tags": [],
            "timeouts": null,
            "type": "Application",
            "use_existing": true
          },
          "sensitive_attributes": [],
          "private": "eyJlMmJmYjczMC1lY2FhLTExZTYtOGY4OC0zNDM2M2JjN2M0YzAiOnsiY3JlYXRlIjo2MDAwMDAwMDAwMDAsImRlbGV0ZSI6MzAwMDAwMDAwMDAwLCJyZWFkIjozMDAwMDAwMDAwMDAsInVwZGF0ZSI6NjAwMDAwMDAwMDAwfX0="
        }
      ]
    },
    {
      "mode": "managed",
      "type": "azurerm_role_assignment",
      "name": "reader",
      "provider": "provider[\"registry.terraform.io/hashicorp/azurerm\"]",
      "instances": [
        {
          "index_key": "06455def-a039-460d-b358-e7bfb5df15fc",
          "schema_version": 0,
          "attributes": {
            "condition": "",
            "condition_version": "",
            "delegated_managed_identity_resource_id": "",
            "description": "",
            "id": "/subscriptions/06455def-a039-460d-b358-e7bfb5df15fc/providers/Microsoft.Authorization/roleAssignments/6a58e253-586d-9de4-7a12-c7e9c83a74c7",
            "name": "6a58e253-586d-9de4-7a12-c7e9c83a74c7",
            "principal_id": "14172963-4a0c-4c4f-a327-a36c2bbf281f",
            "principal_type": "ServicePrincipal",
            "role_definition_id": "/subscriptions/06455def-a039-460d-b358-e7bfb5df15fc/providers/Microsoft.Authorization/roleDefinitions/acdd72a7-3385-48ef-bd42-f606fba81ae7",
            "role_definition_name": "Reader",
            "scope": "/subscriptions/06455def-a039-460d-b358-e7bfb5df15fc",
            "skip_service_principal_aad_check": null,
            "timeouts": null
          },
          "sensitive_attributes": [],
          "private": "eyJlMmJmYjczMC1lY2FhLTExZTYtOGY4OC0zNDM2M2JjN2M0YzAiOnsiY3JlYXRlIjoxODAwMDAwMDAwMDAwLCJkZWxldGUiOjE4MDAwMDAwMDAwMDAsInJlYWQiOjMwMDAwMDAwMDAwMH19",
          "dependencies": [
            "azuread_service_principal.reader",
            "data.azurerm_subscriptions.available"
          ]
        }
      ]
    }
  ],
  "check_results": null
}
